
Microsoft Visual Studio Solution File, Format Version 12.00
# Visual Studio 16
Project("{FAE04EC0-301F-11D3-BF4B-00C04F79EFBC}") = "Assembly-CSharp", "Assembly-CSharp.csproj", "{D89AE763-67CF-0EF0-5974-28D36070EF37}"
EndProject
Project("{FAE04EC0-301F-11D3-BF4B-00C04F79EFBC}") = "Assembly-CSharp-Editor", "Assembly-CSharp-Editor.csproj", "{C28DBF1A-D1BC-21E1-289C-4036575C25A3}"
EndProject
Project("{FAE04EC0-301F-11D3-BF4B-00C04F79EFBC}") = "UnityLogDLL", "..\UnityLogDLL\UnityLogDLL.csproj", "{40A7E11B-82CE-4556-9B92-F728A766E9C9}"
EndProject
Global
	GlobalSection(SolutionConfigurationPlatforms) = preSolution
		Debug|Any CPU = Debug|Any CPU
		Release|Any CPU = Release|Any CPU
	EndGlobalSection
	GlobalSection(ProjectConfigurationPlatforms) = postSolution
		{D89AE763-67CF-0EF0-5974-28D36070EF37}.Debug|Any CPU.ActiveCfg = Debug|Any CPU
		{D89AE763-67CF-0EF0-5974-28D36070EF37}.Debug|Any CPU.Build.0 = Debug|Any CPU
		{D89AE763-67CF-0EF0-5974-28D36070EF37}.Release|Any CPU.ActiveCfg = Release|Any CPU
		{D89AE763-67CF-0EF0-5974-28D36070EF37}.Release|Any CPU.Build.0 = Release|Any CPU
		{C28DBF1A-D1BC-21E1-289C-4036575C25A3}.Debug|Any CPU.ActiveCfg = Debug|Any CPU
		{C28DBF1A-D1BC-21E1-289C-4036575C25A3}.Debug|Any CPU.Build.0 = Debug|Any CPU
		{C28DBF1A-D1BC-21E1-289C-4036575C25A3}.Release|Any CPU.ActiveCfg = Release|Any CPU
		{C28DBF1A-D1BC-21E1-289C-4036575C25A3}.Release|Any CPU.Build.0 = Release|Any CPU
		{40A7E11B-82CE-4556-9B92-F728A766E9C9}.Debug|Any CPU.ActiveCfg = Debug|Any CPU
		{40A7E11B-82CE-4556-9B92-F728A766E9C9}.Debug|Any CPU.Build.0 = Debug|Any CPU
		{40A7E11B-82CE-4556-9B92-F728A766E9C9}.Release|Any CPU.ActiveCfg = Release|Any CPU
		{40A7E11B-82CE-4556-9B92-F728A766E9C9}.Release|Any CPU.Build.0 = Release|Any CPU
	EndGlobalSection
	GlobalSection(SolutionProperties) = preSolution
		HideSolutionNode = FALSE
	EndGlobalSection
	GlobalSection(MonoDevelopProperties) = preSolution
		StartupItem = Assembly-CSharp.csproj
	EndGlobalSection
EndGlobal
